// !$*UTF8*$!
{
	archiveVersion = 1;
	classes = {
	};
	objectVersion = 56;
	objects = {

/* Begin PBXBuildFile section */
		8837DDB42C33E22900D3656A /* AppDelegate.swift in Sources */ = {isa = PBXBuildFile; fileRef = 8837DDB32C33E22900D3656A /* AppDelegate.swift */; };
		8837DDB62C33E22900D3656A /* SceneDelegate.swift in Sources */ = {isa = PBXBuildFile; fileRef = 8837DDB52C33E22900D3656A /* SceneDelegate.swift */; };
		8837DDBD2C33E22B00D3656A /* Assets.xcassets in Resources */ = {isa = PBXBuildFile; fileRef = 8837DDBC2C33E22B00D3656A /* Assets.xcassets */; };
		8837DDC02C33E22B00D3656A /* Base in Resources */ = {isa = PBXBuildFile; fileRef = 8837DDBF2C33E22B00D3656A /* Base */; };
		8837DDC82C33E2C700D3656A /* BaseViewController.swift in Sources */ = {isa = PBXBuildFile; fileRef = 8837DDC72C33E2C700D3656A /* BaseViewController.swift */; };
		8837DDCA2C33E31600D3656A /* AddTodoViewController.swift in Sources */ = {isa = PBXBuildFile; fileRef = 8837DDC92C33E31600D3656A /* AddTodoViewController.swift */; };
		8837DDCC2C33E32400D3656A /* TodoListViewController.swift in Sources */ = {isa = PBXBuildFile; fileRef = 8837DDCB2C33E32400D3656A /* TodoListViewController.swift */; };
		8837DDCF2C33E53800D3656A /* RealmSwift in Frameworks */ = {isa = PBXBuildFile; productRef = 8837DDCE2C33E53800D3656A /* RealmSwift */; };
		8837DDD22C33E54500D3656A /* SnapKit in Frameworks */ = {isa = PBXBuildFile; productRef = 8837DDD12C33E54500D3656A /* SnapKit */; };
		8837DDD52C33E57200D3656A /* Toast in Frameworks */ = {isa = PBXBuildFile; productRef = 8837DDD42C33E57200D3656A /* Toast */; };
		8837DDD72C33E99300D3656A /* Display.swift in Sources */ = {isa = PBXBuildFile; fileRef = 8837DDD62C33E99300D3656A /* Display.swift */; };
		8837DDD92C33EB3100D3656A /* TodoTitleTableViewCell.swift in Sources */ = {isa = PBXBuildFile; fileRef = 8837DDD82C33EB3100D3656A /* TodoTitleTableViewCell.swift */; };
		8837DDDB2C33EB6900D3656A /* BaseTableViewCell.swift in Sources */ = {isa = PBXBuildFile; fileRef = 8837DDDA2C33EB6900D3656A /* BaseTableViewCell.swift */; };
		8837DDDD2C33ED1800D3656A /* TodoContentTableViewCell.swift in Sources */ = {isa = PBXBuildFile; fileRef = 8837DDDC2C33ED1800D3656A /* TodoContentTableViewCell.swift */; };
		8837DDDF2C33EE6000D3656A /* ReusableProtocol.swift in Sources */ = {isa = PBXBuildFile; fileRef = 8837DDDE2C33EE6000D3656A /* ReusableProtocol.swift */; };
		8842DAB22C341EF100B05944 /* TodoDateViewController.swift in Sources */ = {isa = PBXBuildFile; fileRef = 8842DAB12C341EF100B05944 /* TodoDateViewController.swift */; };
		8842DAB42C342BB200B05944 /* RealmModel.swift in Sources */ = {isa = PBXBuildFile; fileRef = 8842DAB32C342BB200B05944 /* RealmModel.swift */; };
		8842DAB62C3434E000B05944 /* TodoListTableViewCell.swift in Sources */ = {isa = PBXBuildFile; fileRef = 8842DAB52C3434E000B05944 /* TodoListTableViewCell.swift */; };
		88B943E72C35375A007CA517 /* TodoTagViewController.swift in Sources */ = {isa = PBXBuildFile; fileRef = 88B943E62C35375A007CA517 /* TodoTagViewController.swift */; };
		88DCE1B82C35520C0045E472 /* TodoPriorityViewController.swift in Sources */ = {isa = PBXBuildFile; fileRef = 88DCE1B72C35520C0045E472 /* TodoPriorityViewController.swift */; };
		88DCE1BD2C356BE90045E472 /* TodoMainViewController.swift in Sources */ = {isa = PBXBuildFile; fileRef = 88DCE1BC2C356BE90045E472 /* TodoMainViewController.swift */; };
		88DCE1BF2C3571660045E472 /* TodoMainCollectionViewCell.swift in Sources */ = {isa = PBXBuildFile; fileRef = 88DCE1BE2C3571660045E472 /* TodoMainCollectionViewCell.swift */; };
		88DCE1C12C3571800045E472 /* BaseCollectionViewCell.swift in Sources */ = {isa = PBXBuildFile; fileRef = 88DCE1C02C3571800045E472 /* BaseCollectionViewCell.swift */; };
		88DCE1C32C3575CB0045E472 /* Design.swift in Sources */ = {isa = PBXBuildFile; fileRef = 88DCE1C22C3575CB0045E472 /* Design.swift */; };
/* End PBXBuildFile section */

/* Begin PBXFileReference section */
		8837DDB02C33E22900D3656A /* Todo.app */ = {isa = PBXFileReference; explicitFileType = wrapper.application; includeInIndex = 0; path = Todo.app; sourceTree = BUILT_PRODUCTS_DIR; };
		8837DDB32C33E22900D3656A /* AppDelegate.swift */ = {isa = PBXFileReference; lastKnownFileType = sourcecode.swift; path = AppDelegate.swift; sourceTree = "<group>"; };
		8837DDB52C33E22900D3656A /* SceneDelegate.swift */ = {isa = PBXFileReference; lastKnownFileType = sourcecode.swift; path = SceneDelegate.swift; sourceTree = "<group>"; };
		8837DDBC2C33E22B00D3656A /* Assets.xcassets */ = {isa = PBXFileReference; lastKnownFileType = folder.assetcatalog; path = Assets.xcassets; sourceTree = "<group>"; };
		8837DDBF2C33E22B00D3656A /* Base */ = {isa = PBXFileReference; lastKnownFileType = file.storyboard; name = Base; path = Base.lproj/LaunchScreen.storyboard; sourceTree = "<group>"; };
		8837DDC12C33E22B00D3656A /* Info.plist */ = {isa = PBXFileReference; lastKnownFileType = text.plist.xml; path = Info.plist; sourceTree = "<group>"; };
		8837DDC72C33E2C700D3656A /* BaseViewController.swift */ = {isa = PBXFileReference; lastKnownFileType = sourcecode.swift; path = BaseViewController.swift; sourceTree = "<group>"; };
		8837DDC92C33E31600D3656A /* AddTodoViewController.swift */ = {isa = PBXFileReference; lastKnownFileType = sourcecode.swift; path = AddTodoViewController.swift; sourceTree = "<group>"; };
		8837DDCB2C33E32400D3656A /* TodoListViewController.swift */ = {isa = PBXFileReference; lastKnownFileType = sourcecode.swift; path = TodoListViewController.swift; sourceTree = "<group>"; };
		8837DDD62C33E99300D3656A /* Display.swift */ = {isa = PBXFileReference; lastKnownFileType = sourcecode.swift; path = Display.swift; sourceTree = "<group>"; };
		8837DDD82C33EB3100D3656A /* TodoTitleTableViewCell.swift */ = {isa = PBXFileReference; lastKnownFileType = sourcecode.swift; path = TodoTitleTableViewCell.swift; sourceTree = "<group>"; };
		8837DDDA2C33EB6900D3656A /* BaseTableViewCell.swift */ = {isa = PBXFileReference; lastKnownFileType = sourcecode.swift; path = BaseTableViewCell.swift; sourceTree = "<group>"; };
		8837DDDC2C33ED1800D3656A /* TodoContentTableViewCell.swift */ = {isa = PBXFileReference; lastKnownFileType = sourcecode.swift; path = TodoContentTableViewCell.swift; sourceTree = "<group>"; };
		8837DDDE2C33EE6000D3656A /* ReusableProtocol.swift */ = {isa = PBXFileReference; lastKnownFileType = sourcecode.swift; path = ReusableProtocol.swift; sourceTree = "<group>"; };
		8842DAB12C341EF100B05944 /* TodoDateViewController.swift */ = {isa = PBXFileReference; lastKnownFileType = sourcecode.swift; path = TodoDateViewController.swift; sourceTree = "<group>"; };
		8842DAB32C342BB200B05944 /* RealmModel.swift */ = {isa = PBXFileReference; lastKnownFileType = sourcecode.swift; path = RealmModel.swift; sourceTree = "<group>"; };
		8842DAB52C3434E000B05944 /* TodoListTableViewCell.swift */ = {isa = PBXFileReference; lastKnownFileType = sourcecode.swift; path = TodoListTableViewCell.swift; sourceTree = "<group>"; };
		88B943E62C35375A007CA517 /* TodoTagViewController.swift */ = {isa = PBXFileReference; lastKnownFileType = sourcecode.swift; path = TodoTagViewController.swift; sourceTree = "<group>"; };
		88DCE1B72C35520C0045E472 /* TodoPriorityViewController.swift */ = {isa = PBXFileReference; lastKnownFileType = sourcecode.swift; path = TodoPriorityViewController.swift; sourceTree = "<group>"; };
		88DCE1BC2C356BE90045E472 /* TodoMainViewController.swift */ = {isa = PBXFileReference; lastKnownFileType = sourcecode.swift; path = TodoMainViewController.swift; sourceTree = "<group>"; };
		88DCE1BE2C3571660045E472 /* TodoMainCollectionViewCell.swift */ = {isa = PBXFileReference; lastKnownFileType = sourcecode.swift; path = TodoMainCollectionViewCell.swift; sourceTree = "<group>"; };
		88DCE1C02C3571800045E472 /* BaseCollectionViewCell.swift */ = {isa = PBXFileReference; lastKnownFileType = sourcecode.swift; path = BaseCollectionViewCell.swift; sourceTree = "<group>"; };
		88DCE1C22C3575CB0045E472 /* Design.swift */ = {isa = PBXFileReference; lastKnownFileType = sourcecode.swift; path = Design.swift; sourceTree = "<group>"; };
/* End PBXFileReference section */

/* Begin PBXFrameworksBuildPhase section */
		8837DDAD2C33E22900D3656A /* Frameworks */ = {
			isa = PBXFrameworksBuildPhase;
			buildActionMask = 2147483647;
			files = (
				8837DDD52C33E57200D3656A /* Toast in Frameworks */,
				8837DDCF2C33E53800D3656A /* RealmSwift in Frameworks */,
				8837DDD22C33E54500D3656A /* SnapKit in Frameworks */,
			);
			runOnlyForDeploymentPostprocessing = 0;
		};
/* End PBXFrameworksBuildPhase section */

/* Begin PBXGroup section */
		8837DDA72C33E22900D3656A = {
			isa = PBXGroup;
			children = (
				8837DDB22C33E22900D3656A /* Todo */,
				8837DDB12C33E22900D3656A /* Products */,
			);
			sourceTree = "<group>";
		};
		8837DDB12C33E22900D3656A /* Products */ = {
			isa = PBXGroup;
			children = (
				8837DDB02C33E22900D3656A /* Todo.app */,
			);
			name = Products;
			sourceTree = "<group>";
		};
		8837DDB22C33E22900D3656A /* Todo */ = {
			isa = PBXGroup;
			children = (
				8842DABD2C343B0E00B05944 /* Database */,
				8842DABC2C343B0700B05944 /* Base */,
				8842DABB2C343AFA00B05944 /* Constant */,
				8842DABA2C343AEE00B05944 /* Protocol */,
				8842DAB92C343AD200B05944 /* ViewController */,
				8842DAB72C343AC000B05944 /* Cell */,
				8837DDB32C33E22900D3656A /* AppDelegate.swift */,
				8837DDB52C33E22900D3656A /* SceneDelegate.swift */,
				8837DDBC2C33E22B00D3656A /* Assets.xcassets */,
				8837DDBE2C33E22B00D3656A /* LaunchScreen.storyboard */,
				8837DDC12C33E22B00D3656A /* Info.plist */,
			);
			path = Todo;
			sourceTree = "<group>";
		};
		8842DAB72C343AC000B05944 /* Cell */ = {
			isa = PBXGroup;
			children = (
				8837DDDC2C33ED1800D3656A /* TodoContentTableViewCell.swift */,
				8842DAB52C3434E000B05944 /* TodoListTableViewCell.swift */,
				8837DDD82C33EB3100D3656A /* TodoTitleTableViewCell.swift */,
				88DCE1BE2C3571660045E472 /* TodoMainCollectionViewCell.swift */,
			);
			path = Cell;
			sourceTree = "<group>";
		};
		8842DAB92C343AD200B05944 /* ViewController */ = {
			isa = PBXGroup;
			children = (
				8842DAB12C341EF100B05944 /* TodoDateViewController.swift */,
				8837DDC92C33E31600D3656A /* AddTodoViewController.swift */,
				8837DDCB2C33E32400D3656A /* TodoListViewController.swift */,
				88B943E62C35375A007CA517 /* TodoTagViewController.swift */,
				88DCE1B72C35520C0045E472 /* TodoPriorityViewController.swift */,
				88DCE1BC2C356BE90045E472 /* TodoMainViewController.swift */,
			);
			path = ViewController;
			sourceTree = "<group>";
		};
		8842DABA2C343AEE00B05944 /* Protocol */ = {
			isa = PBXGroup;
			children = (
				8837DDDE2C33EE6000D3656A /* ReusableProtocol.swift */,
			);
			path = Protocol;
			sourceTree = "<group>";
		};
		8842DABB2C343AFA00B05944 /* Constant */ = {
			isa = PBXGroup;
			children = (
				8837DDD62C33E99300D3656A /* Display.swift */,
				88DCE1C22C3575CB0045E472 /* Design.swift */,
			);
			path = Constant;
			sourceTree = "<group>";
		};
		8842DABC2C343B0700B05944 /* Base */ = {
			isa = PBXGroup;
			children = (
				8837DDDA2C33EB6900D3656A /* BaseTableViewCell.swift */,
				8837DDC72C33E2C700D3656A /* BaseViewController.swift */,
				88DCE1C02C3571800045E472 /* BaseCollectionViewCell.swift */,
			);
			path = Base;
			sourceTree = "<group>";
		};
		8842DABD2C343B0E00B05944 /* Database */ = {
			isa = PBXGroup;
			children = (
				8842DAB32C342BB200B05944 /* RealmModel.swift */,
			);
			path = Database;
			sourceTree = "<group>";
		};
/* End PBXGroup section */

/* Begin PBXNativeTarget section */
		8837DDAF2C33E22900D3656A /* Todo */ = {
			isa = PBXNativeTarget;
			buildConfigurationList = 8837DDC42C33E22B00D3656A /* Build configuration list for PBXNativeTarget "Todo" */;
			buildPhases = (
				8837DDAC2C33E22900D3656A /* Sources */,
				8837DDAD2C33E22900D3656A /* Frameworks */,
				8837DDAE2C33E22900D3656A /* Resources */,
			);
			buildRules = (
			);
			dependencies = (
			);
			name = Todo;
			packageProductDependencies = (
				8837DDCE2C33E53800D3656A /* RealmSwift */,
				8837DDD12C33E54500D3656A /* SnapKit */,
				8837DDD42C33E57200D3656A /* Toast */,
			);
			productName = Todo;
			productReference = 8837DDB02C33E22900D3656A /* Todo.app */;
			productType = "com.apple.product-type.application";
		};
/* End PBXNativeTarget section */

/* Begin PBXProject section */
		8837DDA82C33E22900D3656A /* Project object */ = {
			isa = PBXProject;
			attributes = {
				BuildIndependentTargetsInParallel = 1;
				LastSwiftUpdateCheck = 1540;
				LastUpgradeCheck = 1540;
				TargetAttributes = {
					8837DDAF2C33E22900D3656A = {
						CreatedOnToolsVersion = 15.4;
					};
				};
			};
			buildConfigurationList = 8837DDAB2C33E22900D3656A /* Build configuration list for PBXProject "Todo" */;
			compatibilityVersion = "Xcode 14.0";
			developmentRegion = en;
			hasScannedForEncodings = 0;
			knownRegions = (
				en,
				Base,
			);
			mainGroup = 8837DDA72C33E22900D3656A;
			packageReferences = (
				8837DDCD2C33E53800D3656A /* XCRemoteSwiftPackageReference "realm-swift" */,
				8837DDD02C33E54500D3656A /* XCRemoteSwiftPackageReference "SnapKit" */,
				8837DDD32C33E57200D3656A /* XCRemoteSwiftPackageReference "Toast-Swift" */,
			);
			productRefGroup = 8837DDB12C33E22900D3656A /* Products */;
			projectDirPath = "";
			projectRoot = "";
			targets = (
				8837DDAF2C33E22900D3656A /* Todo */,
			);
		};
/* End PBXProject section */

/* Begin PBXResourcesBuildPhase section */
		8837DDAE2C33E22900D3656A /* Resources */ = {
			isa = PBXResourcesBuildPhase;
			buildActionMask = 2147483647;
			files = (
				8837DDBD2C33E22B00D3656A /* Assets.xcassets in Resources */,
				8837DDC02C33E22B00D3656A /* Base in Resources */,
			);
			runOnlyForDeploymentPostprocessing = 0;
		};
/* End PBXResourcesBuildPhase section */

/* Begin PBXSourcesBuildPhase section */
		8837DDAC2C33E22900D3656A /* Sources */ = {
			isa = PBXSourcesBuildPhase;
			buildActionMask = 2147483647;
			files = (
				8837DDDB2C33EB6900D3656A /* BaseTableViewCell.swift in Sources */,
				88DCE1BD2C356BE90045E472 /* TodoMainViewController.swift in Sources */,
				8842DAB42C342BB200B05944 /* RealmModel.swift in Sources */,
				8837DDCA2C33E31600D3656A /* AddTodoViewController.swift in Sources */,
				8837DDDF2C33EE6000D3656A /* ReusableProtocol.swift in Sources */,
				8837DDB42C33E22900D3656A /* AppDelegate.swift in Sources */,
				8837DDB62C33E22900D3656A /* SceneDelegate.swift in Sources */,
				8842DAB22C341EF100B05944 /* TodoDateViewController.swift in Sources */,
				8837DDC82C33E2C700D3656A /* BaseViewController.swift in Sources */,
				88DCE1BF2C3571660045E472 /* TodoMainCollectionViewCell.swift in Sources */,
				8837DDD72C33E99300D3656A /* Display.swift in Sources */,
				88DCE1C32C3575CB0045E472 /* Design.swift in Sources */,
				88DCE1C12C3571800045E472 /* BaseCollectionViewCell.swift in Sources */,
				88B943E72C35375A007CA517 /* TodoTagViewController.swift in Sources */,
				8837DDD92C33EB3100D3656A /* TodoTitleTableViewCell.swift in Sources */,
				88DCE1B82C35520C0045E472 /* TodoPriorityViewController.swift in Sources */,
				8837DDDD2C33ED1800D3656A /* TodoContentTableViewCell.swift in Sources */,
				8837DDCC2C33E32400D3656A /* TodoListViewController.swift in Sources */,
				8842DAB62C3434E000B05944 /* TodoListTableViewCell.swift in Sources */,
			);
			runOnlyForDeploymentPostprocessing = 0;
		};
/* End PBXSourcesBuildPhase section */

/* Begin PBXVariantGroup section */
		8837DDBE2C33E22B00D3656A /* LaunchScreen.storyboard */ = {
			isa = PBXVariantGroup;
			children = (
				8837DDBF2C33E22B00D3656A /* Base */,
			);
			name = LaunchScreen.storyboard;
			sourceTree = "<group>";
		};
/* End PBXVariantGroup section */

/* Begin XCBuildConfiguration section */
		8837DDC22C33E22B00D3656A /* Debug */ = {
			isa = XCBuildConfiguration;
			buildSettings = {
				ALWAYS_SEARCH_USER_PATHS = NO;
				ASSETCATALOG_COMPILER_GENERATE_SWIFT_ASSET_SYMBOL_EXTENSIONS = YES;
				CLANG_ANALYZER_NONNULL = YES;
				CLANG_ANALYZER_NUMBER_OBJECT_CONVERSION = YES_AGGRESSIVE;
				CLANG_CXX_LANGUAGE_STANDARD = "gnu++20";
				CLANG_ENABLE_MODULES = YES;
				CLANG_ENABLE_OBJC_ARC = YES;
				CLANG_ENABLE_OBJC_WEAK = YES;
				CLANG_WARN_BLOCK_CAPTURE_AUTORELEASING = YES;
				CLANG_WARN_BOOL_CONVERSION = YES;
				CLANG_WARN_COMMA = YES;
				CLANG_WARN_CONSTANT_CONVERSION = YES;
				CLANG_WARN_DEPRECATED_OBJC_IMPLEMENTATIONS = YES;
				CLANG_WARN_DIRECT_OBJC_ISA_USAGE = YES_ERROR;
				CLANG_WARN_DOCUMENTATION_COMMENTS = YES;
				CLANG_WARN_EMPTY_BODY = YES;
				CLANG_WARN_ENUM_CONVERSION = YES;
				CLANG_WARN_INFINITE_RECURSION = YES;
				CLANG_WARN_INT_CONVERSION = YES;
				CLANG_WARN_NON_LITERAL_NULL_CONVERSION = YES;
				CLANG_WARN_OBJC_IMPLICIT_RETAIN_SELF = YES;
				CLANG_WARN_OBJC_LITERAL_CONVERSION = YES;
				CLANG_WARN_OBJC_ROOT_CLASS = YES_ERROR;
				CLANG_WARN_QUOTED_INCLUDE_IN_FRAMEWORK_HEADER = YES;
				CLANG_WARN_RANGE_LOOP_ANALYSIS = YES;
				CLANG_WARN_STRICT_PROTOTYPES = YES;
				CLANG_WARN_SUSPICIOUS_MOVE = YES;
				CLANG_WARN_UNGUARDED_AVAILABILITY = YES_AGGRESSIVE;
				CLANG_WARN_UNREACHABLE_CODE = YES;
				CLANG_WARN__DUPLICATE_METHOD_MATCH = YES;
				COPY_PHASE_STRIP = NO;
				DEBUG_INFORMATION_FORMAT = dwarf;
				ENABLE_STRICT_OBJC_MSGSEND = YES;
				ENABLE_TESTABILITY = YES;
				ENABLE_USER_SCRIPT_SANDBOXING = YES;
				GCC_C_LANGUAGE_STANDARD = gnu17;
				GCC_DYNAMIC_NO_PIC = NO;
				GCC_NO_COMMON_BLOCKS = YES;
				GCC_OPTIMIZATION_LEVEL = 0;
				GCC_PREPROCESSOR_DEFINITIONS = (
					"DEBUG=1",
					"$(inherited)",
				);
				GCC_WARN_64_TO_32_BIT_CONVERSION = YES;
				GCC_WARN_ABOUT_RETURN_TYPE = YES_ERROR;
				GCC_WARN_UNDECLARED_SELECTOR = YES;
				GCC_WARN_UNINITIALIZED_AUTOS = YES_AGGRESSIVE;
				GCC_WARN_UNUSED_FUNCTION = YES;
				GCC_WARN_UNUSED_VARIABLE = YES;
				IPHONEOS_DEPLOYMENT_TARGET = 17.5;
				LOCALIZATION_PREFERS_STRING_CATALOGS = YES;
				MTL_ENABLE_DEBUG_INFO = INCLUDE_SOURCE;
				MTL_FAST_MATH = YES;
				ONLY_ACTIVE_ARCH = YES;
				SDKROOT = iphoneos;
				SWIFT_ACTIVE_COMPILATION_CONDITIONS = "DEBUG $(inherited)";
				SWIFT_OPTIMIZATION_LEVEL = "-Onone";
			};
			name = Debug;
		};
		8837DDC32C33E22B00D3656A /* Release */ = {
			isa = XCBuildConfiguration;
			buildSettings = {
				ALWAYS_SEARCH_USER_PATHS = NO;
				ASSETCATALOG_COMPILER_GENERATE_SWIFT_ASSET_SYMBOL_EXTENSIONS = YES;
				CLANG_ANALYZER_NONNULL = YES;
				CLANG_ANALYZER_NUMBER_OBJECT_CONVERSION = YES_AGGRESSIVE;
				CLANG_CXX_LANGUAGE_STANDARD = "gnu++20";
				CLANG_ENABLE_MODULES = YES;
				CLANG_ENABLE_OBJC_ARC = YES;
				CLANG_ENABLE_OBJC_WEAK = YES;
				CLANG_WARN_BLOCK_CAPTURE_AUTORELEASING = YES;
				CLANG_WARN_BOOL_CONVERSION = YES;
				CLANG_WARN_COMMA = YES;
				CLANG_WARN_CONSTANT_CONVERSION = YES;
				CLANG_WARN_DEPRECATED_OBJC_IMPLEMENTATIONS = YES;
				CLANG_WARN_DIRECT_OBJC_ISA_USAGE = YES_ERROR;
				CLANG_WARN_DOCUMENTATION_COMMENTS = YES;
				CLANG_WARN_EMPTY_BODY = YES;
				CLANG_WARN_ENUM_CONVERSION = YES;
				CLANG_WARN_INFINITE_RECURSION = YES;
				CLANG_WARN_INT_CONVERSION = YES;
				CLANG_WARN_NON_LITERAL_NULL_CONVERSION = YES;
				CLANG_WARN_OBJC_IMPLICIT_RETAIN_SELF = YES;
				CLANG_WARN_OBJC_LITERAL_CONVERSION = YES;
				CLANG_WARN_OBJC_ROOT_CLASS = YES_ERROR;
				CLANG_WARN_QUOTED_INCLUDE_IN_FRAMEWORK_HEADER = YES;
				CLANG_WARN_RANGE_LOOP_ANALYSIS = YES;
				CLANG_WARN_STRICT_PROTOTYPES = YES;
				CLANG_WARN_SUSPICIOUS_MOVE = YES;
				CLANG_WARN_UNGUARDED_AVAILABILITY = YES_AGGRESSIVE;
				CLANG_WARN_UNREACHABLE_CODE = YES;
				CLANG_WARN__DUPLICATE_METHOD_MATCH = YES;
				COPY_PHASE_STRIP = NO;
				DEBUG_INFORMATION_FORMAT = "dwarf-with-dsym";
				ENABLE_NS_ASSERTIONS = NO;
				ENABLE_STRICT_OBJC_MSGSEND = YES;
				ENABLE_USER_SCRIPT_SANDBOXING = YES;
				GCC_C_LANGUAGE_STANDARD = gnu17;
				GCC_NO_COMMON_BLOCKS = YES;
				GCC_WARN_64_TO_32_BIT_CONVERSION = YES;
				GCC_WARN_ABOUT_RETURN_TYPE = YES_ERROR;
				GCC_WARN_UNDECLARED_SELECTOR = YES;
				GCC_WARN_UNINITIALIZED_AUTOS = YES_AGGRESSIVE;
				GCC_WARN_UNUSED_FUNCTION = YES;
				GCC_WARN_UNUSED_VARIABLE = YES;
				IPHONEOS_DEPLOYMENT_TARGET = 17.5;
				LOCALIZATION_PREFERS_STRING_CATALOGS = YES;
				MTL_ENABLE_DEBUG_INFO = NO;
				MTL_FAST_MATH = YES;
				SDKROOT = iphoneos;
				SWIFT_COMPILATION_MODE = wholemodule;
				VALIDATE_PRODUCT = YES;
			};
			name = Release;
		};
		8837DDC52C33E22B00D3656A /* Debug */ = {
			isa = XCBuildConfiguration;
			buildSettings = {
				ASSETCATALOG_COMPILER_APPICON_NAME = AppIcon;
				ASSETCATALOG_COMPILER_GLOBAL_ACCENT_COLOR_NAME = AccentColor;
				CODE_SIGN_STYLE = Automatic;
				CURRENT_PROJECT_VERSION = 1;
				GENERATE_INFOPLIST_FILE = YES;
				INFOPLIST_FILE = Todo/Info.plist;
				INFOPLIST_KEY_UIApplicationSupportsIndirectInputEvents = YES;
				INFOPLIST_KEY_UILaunchStoryboardName = LaunchScreen;
				INFOPLIST_KEY_UISupportedInterfaceOrientations_iPad = UIInterfaceOrientationPortrait;
				INFOPLIST_KEY_UISupportedInterfaceOrientations_iPhone = UIInterfaceOrientationPortrait;
				IPHONEOS_DEPLOYMENT_TARGET = 15.0;
				LD_RUNPATH_SEARCH_PATHS = (
					"$(inherited)",
					"@executable_path/Frameworks",
				);
				MARKETING_VERSION = 1.0;
				PRODUCT_BUNDLE_IDENTIFIER = com.jm.Todo;
				PRODUCT_NAME = "$(TARGET_NAME)";
				SUPPORTED_PLATFORMS = "iphoneos iphonesimulator";
				SUPPORTS_MACCATALYST = NO;
				SUPPORTS_MAC_DESIGNED_FOR_IPHONE_IPAD = NO;
				SUPPORTS_XR_DESIGNED_FOR_IPHONE_IPAD = NO;
				SWIFT_EMIT_LOC_STRINGS = YES;
				SWIFT_VERSION = 5.0;
				TARGETED_DEVICE_FAMILY = 1;
			};
			name = Debug;
		};
		8837DDC62C33E22B00D3656A /* Release */ = {
			isa = XCBuildConfiguration;
			buildSettings = {
				ASSETCATALOG_COMPILER_APPICON_NAME = AppIcon;
				ASSETCATALOG_COMPILER_GLOBAL_ACCENT_COLOR_NAME = AccentColor;
				CODE_SIGN_STYLE = Automatic;
				CURRENT_PROJECT_VERSION = 1;
				GENERATE_INFOPLIST_FILE = YES;
				INFOPLIST_FILE = Todo/Info.plist;
				INFOPLIST_KEY_UIApplicationSupportsIndirectInputEvents = YES;
				INFOPLIST_KEY_UILaunchStoryboardName = LaunchScreen;
				INFOPLIST_KEY_UISupportedInterfaceOrientations_iPad = UIInterfaceOrientationPortrait;
				INFOPLIST_KEY_UISupportedInterfaceOrientations_iPhone = UIInterfaceOrientationPortrait;
				IPHONEOS_DEPLOYMENT_TARGET = 15.0;
				LD_RUNPATH_SEARCH_PATHS = (
					"$(inherited)",
					"@executable_path/Frameworks",
				);
				MARKETING_VERSION = 1.0;
				PRODUCT_BUNDLE_IDENTIFIER = com.jm.Todo;
				PRODUCT_NAME = "$(TARGET_NAME)";
				SUPPORTED_PLATFORMS = "iphoneos iphonesimulator";
				SUPPORTS_MACCATALYST = NO;
				SUPPORTS_MAC_DESIGNED_FOR_IPHONE_IPAD = NO;
				SUPPORTS_XR_DESIGNED_FOR_IPHONE_IPAD = NO;
				SWIFT_EMIT_LOC_STRINGS = YES;
				SWIFT_VERSION = 5.0;
				TARGETED_DEVICE_FAMILY = 1;
			};
			name = Release;
		};
/* End XCBuildConfiguration section */

/* Begin XCConfigurationList section */
		8837DDAB2C33E22900D3656A /* Build configuration list for PBXProject "Todo" */ = {
			isa = XCConfigurationList;
			buildConfigurations = (
				8837DDC22C33E22B00D3656A /* Debug */,
				8837DDC32C33E22B00D3656A /* Release */,
			);
			defaultConfigurationIsVisible = 0;
			defaultConfigurationName = Release;
		};
		8837DDC42C33E22B00D3656A /* Build configuration list for PBXNativeTarget "Todo" */ = {
			isa = XCConfigurationList;
			buildConfigurations = (
				8837DDC52C33E22B00D3656A /* Debug */,
				8837DDC62C33E22B00D3656A /* Release */,
			);
			defaultConfigurationIsVisible = 0;
			defaultConfigurationName = Release;
		};
/* End XCConfigurationList section */

/* Begin XCRemoteSwiftPackageReference section */
		8837DDCD2C33E53800D3656A /* XCRemoteSwiftPackageReference "realm-swift" */ = {
			isa = XCRemoteSwiftPackageReference;
			repositoryURL = "https://github.com/realm/realm-swift.git";
			requirement = {
				kind = exactVersion;
				version = 10.52.1;
			};
		};
		8837DDD02C33E54500D3656A /* XCRemoteSwiftPackageReference "SnapKit" */ = {
			isa = XCRemoteSwiftPackageReference;
			repositoryURL = "https://github.com/SnapKit/SnapKit.git";
			requirement = {
				kind = upToNextMajorVersion;
				minimumVersion = 5.7.1;
			};
		};
		8837DDD32C33E57200D3656A /* XCRemoteSwiftPackageReference "Toast-Swift" */ = {
			isa = XCRemoteSwiftPackageReference;
			repositoryURL = "https://github.com/scalessec/Toast-Swift.git";
			requirement = {
				kind = upToNextMajorVersion;
				minimumVersion = 5.1.1;
			};
		};
/* End XCRemoteSwiftPackageReference section */

/* Begin XCSwiftPackageProductDependency section */
		8837DDCE2C33E53800D3656A /* RealmSwift */ = {
			isa = XCSwiftPackageProductDependency;
			package = 8837DDCD2C33E53800D3656A /* XCRemoteSwiftPackageReference "realm-swift" */;
			productName = RealmSwift;
		};
		8837DDD12C33E54500D3656A /* SnapKit */ = {
			isa = XCSwiftPackageProductDependency;
			package = 8837DDD02C33E54500D3656A /* XCRemoteSwiftPackageReference "SnapKit" */;
			productName = SnapKit;
		};
		8837DDD42C33E57200D3656A /* Toast */ = {
			isa = XCSwiftPackageProductDependency;
			package = 8837DDD32C33E57200D3656A /* XCRemoteSwiftPackageReference "Toast-Swift" */;
			productName = Toast;
		};
/* End XCSwiftPackageProductDependency section */
	};
	rootObject = 8837DDA82C33E22900D3656A /* Project object */;
}
